
Microsoft Visual Studio Solution File, Format Version 12.00
# Visual Studio Version 16
VisualStudioVersion = 16.0.30611.23
MinimumVisualStudioVersion = 10.0.40219.1
Project("{FAE04EC0-301F-11D3-BF4B-00C04F79EFBC}") = "MaintenanceMaster", "MaintenanceMaster\MaintenanceMaster.csproj", "{3E9E4638-5E79-4890-AACF-E9113767D66B}"
EndProject
Global
	GlobalSection(SolutionConfigurationPlatforms) = preSolution
		Debug|Any CPU = Debug|Any CPU
		Release|Any CPU = Release|Any CPU
	EndGlobalSection
	GlobalSection(ProjectConfigurationPlatforms) = postSolution
		{3E9E4638-5E79-4890-AACF-E9113767D66B}.Debug|Any CPU.ActiveCfg = Debug|Any CPU
		{3E9E4638-5E79-4890-AACF-E9113767D66B}.Debug|Any CPU.Build.0 = Debug|Any CPU
		{3E9E4638-5E79-4890-AACF-E9113767D66B}.Release|Any CPU.ActiveCfg = Release|Any CPU
		{3E9E4638-5E79-4890-AACF-E9113767D66B}.Release|Any CPU.Build.0 = Release|Any CPU
	EndGlobalSection
	GlobalSection(SolutionProperties) = preSolution
		HideSolutionNode = FALSE
	EndGlobalSection
	GlobalSection(ExtensibilityGlobals) = postSolution
		SolutionGuid = {FF20C62C-EEE5-4142-92B6-C56EF2CE98FA}
	EndGlobalSection
EndGlobal
